// !$*UTF8*$!
{
	archiveVersion = 1;
	classes = {
	};
	objectVersion = 55;
	objects = {

/* Begin PBXBuildFile section */
		3849BC3C280429D1001C2146 /* AuthenticatorApp.swift in Sources */ = {isa = PBXBuildFile; fileRef = 3849BC3B280429D1001C2146 /* AuthenticatorApp.swift */; };
		3849BC3E280429D1001C2146 /* ContentView.swift in Sources */ = {isa = PBXBuildFile; fileRef = 3849BC3D280429D1001C2146 /* ContentView.swift */; };
		3849BC40280429D3001C2146 /* Assets.xcassets in Resources */ = {isa = PBXBuildFile; fileRef = 3849BC3F280429D3001C2146 /* Assets.xcassets */; };
		3849BC43280429D3001C2146 /* Preview Assets.xcassets in Resources */ = {isa = PBXBuildFile; fileRef = 3849BC42280429D3001C2146 /* Preview Assets.xcassets */; };
		3849BC4D28042A22001C2146 /* PrimaryButton.swift in Sources */ = {isa = PBXBuildFile; fileRef = 3849BC4C28042A22001C2146 /* PrimaryButton.swift */; };
		3849BC4F28042A34001C2146 /* Title.swift in Sources */ = {isa = PBXBuildFile; fileRef = 3849BC4E28042A34001C2146 /* Title.swift */; };
		3849BC5128042A4E001C2146 /* AuthenticationManager.swift in Sources */ = {isa = PBXBuildFile; fileRef = 3849BC5028042A4E001C2146 /* AuthenticationManager.swift */; };
		3849BC5328042A77001C2146 /* CredentialsLoginView.swift in Sources */ = {isa = PBXBuildFile; fileRef = 3849BC5228042A77001C2146 /* CredentialsLoginView.swift */; };
		3849BC5528042A8E001C2146 /* LoginView.swift in Sources */ = {isa = PBXBuildFile; fileRef = 3849BC5428042A8E001C2146 /* LoginView.swift */; };
/* End PBXBuildFile section */

/* Begin PBXFileReference section */
		3849BC38280429D1001C2146 /* Authenticator.app */ = {isa = PBXFileReference; explicitFileType = wrapper.application; includeInIndex = 0; path = Authenticator.app; sourceTree = BUILT_PRODUCTS_DIR; };
		3849BC3B280429D1001C2146 /* AuthenticatorApp.swift */ = {isa = PBXFileReference; lastKnownFileType = sourcecode.swift; path = AuthenticatorApp.swift; sourceTree = "<group>"; };
		3849BC3D280429D1001C2146 /* ContentView.swift */ = {isa = PBXFileReference; lastKnownFileType = sourcecode.swift; path = ContentView.swift; sourceTree = "<group>"; };
		3849BC3F280429D3001C2146 /* Assets.xcassets */ = {isa = PBXFileReference; lastKnownFileType = folder.assetcatalog; path = Assets.xcassets; sourceTree = "<group>"; };
		3849BC42280429D3001C2146 /* Preview Assets.xcassets */ = {isa = PBXFileReference; lastKnownFileType = folder.assetcatalog; path = "Preview Assets.xcassets"; sourceTree = "<group>"; };
		3849BC4C28042A22001C2146 /* PrimaryButton.swift */ = {isa = PBXFileReference; lastKnownFileType = sourcecode.swift; path = PrimaryButton.swift; sourceTree = "<group>"; };
		3849BC4E28042A34001C2146 /* Title.swift */ = {isa = PBXFileReference; lastKnownFileType = sourcecode.swift; path = Title.swift; sourceTree = "<group>"; };
		3849BC5028042A4E001C2146 /* AuthenticationManager.swift */ = {isa = PBXFileReference; lastKnownFileType = sourcecode.swift; path = AuthenticationManager.swift; sourceTree = "<group>"; };
		3849BC5228042A77001C2146 /* CredentialsLoginView.swift */ = {isa = PBXFileReference; lastKnownFileType = sourcecode.swift; path = CredentialsLoginView.swift; sourceTree = "<group>"; };
		3849BC5428042A8E001C2146 /* LoginView.swift */ = {isa = PBXFileReference; lastKnownFileType = sourcecode.swift; path = LoginView.swift; sourceTree = "<group>"; };
/* End PBXFileReference section */

/* Begin PBXFrameworksBuildPhase section */
		3849BC35280429D1001C2146 /* Frameworks */ = {
			isa = PBXFrameworksBuildPhase;
			buildActionMask = 2147483647;
			files = (
			);
			runOnlyForDeploymentPostprocessing = 0;
		};
/* End PBXFrameworksBuildPhase section */

/* Begin PBXGroup section */
		3849BC2F280429D1001C2146 = {
			isa = PBXGroup;
			children = (
				3849BC3A280429D1001C2146 /* Authenticator */,
				3849BC39280429D1001C2146 /* Products */,
			);
			sourceTree = "<group>";
		};
		3849BC39280429D1001C2146 /* Products */ = {
			isa = PBXGroup;
			children = (
				3849BC38280429D1001C2146 /* Authenticator.app */,
			);
			name = Products;
			sourceTree = "<group>";
		};
		3849BC3A280429D1001C2146 /* Authenticator */ = {
			isa = PBXGroup;
			children = (
				3849BC4B280429FB001C2146 /* Views */,
				3849BC4A280429F7001C2146 /* Managers */,
				3849BC49280429E4001C2146 /* Components */,
				3849BC3B280429D1001C2146 /* AuthenticatorApp.swift */,
				3849BC3F280429D3001C2146 /* Assets.xcassets */,
				3849BC41280429D3001C2146 /* Preview Content */,
			);
			path = Authenticator;
			sourceTree = "<group>";
		};
		3849BC41280429D3001C2146 /* Preview Content */ = {
			isa = PBXGroup;
			children = (
				3849BC42280429D3001C2146 /* Preview Assets.xcassets */,
			);
			path = "Preview Content";
			sourceTree = "<group>";
		};
		3849BC49280429E4001C2146 /* Components */ = {
			isa = PBXGroup;
			children = (
				3849BC4C28042A22001C2146 /* PrimaryButton.swift */,
				3849BC4E28042A34001C2146 /* Title.swift */,
			);
			path = Components;
			sourceTree = "<group>";
		};
		3849BC4A280429F7001C2146 /* Managers */ = {
			isa = PBXGroup;
			children = (
				3849BC5028042A4E001C2146 /* AuthenticationManager.swift */,
			);
			path = Managers;
			sourceTree = "<group>";
		};
		3849BC4B280429FB001C2146 /* Views */ = {
			isa = PBXGroup;
			children = (
				3849BC3D280429D1001C2146 /* ContentView.swift */,
				3849BC5228042A77001C2146 /* CredentialsLoginView.swift */,
				3849BC5428042A8E001C2146 /* LoginView.swift */,
			);
			path = Views;
			sourceTree = "<group>";
		};
/* End PBXGroup section */

/* Begin PBXNativeTarget section */
		3849BC37280429D1001C2146 /* Authenticator */ = {
			isa = PBXNativeTarget;
			buildConfigurationList = 3849BC46280429D3001C2146 /* Build configuration list for PBXNativeTarget "Authenticator" */;
			buildPhases = (
				3849BC34280429D1001C2146 /* Sources */,
				3849BC35280429D1001C2146 /* Frameworks */,
				3849BC36280429D1001C2146 /* Resources */,
			);
			buildRules = (
			);
			dependencies = (
			);
			name = Authenticator;
			productName = Authenticator;
			productReference = 3849BC38280429D1001C2146 /* Authenticator.app */;
			productType = "com.apple.product-type.application";
		};
/* End PBXNativeTarget section */

/* Begin PBXProject section */
		3849BC30280429D1001C2146 /* Project object */ = {
			isa = PBXProject;
			attributes = {
				BuildIndependentTargetsInParallel = 1;
				LastSwiftUpdateCheck = 1330;
				LastUpgradeCheck = 1330;
				TargetAttributes = {
					3849BC37280429D1001C2146 = {
						CreatedOnToolsVersion = 13.3;
					};
				};
			};
			buildConfigurationList = 3849BC33280429D1001C2146 /* Build configuration list for PBXProject "Authenticator" */;
			compatibilityVersion = "Xcode 13.0";
			developmentRegion = en;
			hasScannedForEncodings = 0;
			knownRegions = (
				en,
				Base,
			);
			mainGroup = 3849BC2F280429D1001C2146;
			productRefGroup = 3849BC39280429D1001C2146 /* Products */;
			projectDirPath = "";
			projectRoot = "";
			targets = (
				3849BC37280429D1001C2146 /* Authenticator */,
			);
		};
/* End PBXProject section */

/* Begin PBXResourcesBuildPhase section */
		3849BC36280429D1001C2146 /* Resources */ = {
			isa = PBXResourcesBuildPhase;
			buildActionMask = 2147483647;
			files = (
				3849BC43280429D3001C2146 /* Preview Assets.xcassets in Resources */,
				3849BC40280429D3001C2146 /* Assets.xcassets in Resources */,
			);
			runOnlyForDeploymentPostprocessing = 0;
		};
/* End PBXResourcesBuildPhase section */

/* Begin PBXSourcesBuildPhase section */
		3849BC34280429D1001C2146 /* Sources */ = {
			isa = PBXSourcesBuildPhase;
			buildActionMask = 2147483647;
			files = (
				3849BC4F28042A34001C2146 /* Title.swift in Sources */,
				3849BC5528042A8E001C2146 /* LoginView.swift in Sources */,
				3849BC4D28042A22001C2146 /* PrimaryButton.swift in Sources */,
				3849BC3E280429D1001C2146 /* ContentView.swift in Sources */,
				3849BC5128042A4E001C2146 /* AuthenticationManager.swift in Sources */,
				3849BC3C280429D1001C2146 /* AuthenticatorApp.swift in Sources */,
				3849BC5328042A77001C2146 /* CredentialsLoginView.swift in Sources */,
			);
			runOnlyForDeploymentPostprocessing = 0;
		};
/* End PBXSourcesBuildPhase section */

/* Begin XCBuildConfiguration section */
		3849BC44280429D3001C2146 /* Debug */ = {
			isa = XCBuildConfiguration;
			buildSettings = {
				ALWAYS_SEARCH_USER_PATHS = NO;
				CLANG_ANALYZER_NONNULL = YES;
				CLANG_ANALYZER_NUMBER_OBJECT_CONVERSION = YES_AGGRESSIVE;
				CLANG_CXX_LANGUAGE_STANDARD = "gnu++17";
				CLANG_ENABLE_MODULES = YES;
				CLANG_ENABLE_OBJC_ARC = YES;
				CLANG_ENABLE_OBJC_WEAK = YES;
				CLANG_WARN_BLOCK_CAPTURE_AUTORELEASING = YES;
				CLANG_WARN_BOOL_CONVERSION = YES;
				CLANG_WARN_COMMA = YES;
				CLANG_WARN_CONSTANT_CONVERSION = YES;
				CLANG_WARN_DEPRECATED_OBJC_IMPLEMENTATIONS = YES;
				CLANG_WARN_DIRECT_OBJC_ISA_USAGE = YES_ERROR;
				CLANG_WARN_DOCUMENTATION_COMMENTS = YES;
				CLANG_WARN_EMPTY_BODY = YES;
				CLANG_WARN_ENUM_CONVERSION = YES;
				CLANG_WARN_INFINITE_RECURSION = YES;
				CLANG_WARN_INT_CONVERSION = YES;
				CLANG_WARN_NON_LITERAL_NULL_CONVERSION = YES;
				CLANG_WARN_OBJC_IMPLICIT_RETAIN_SELF = YES;
				CLANG_WARN_OBJC_LITERAL_CONVERSION = YES;
				CLANG_WARN_OBJC_ROOT_CLASS = YES_ERROR;
				CLANG_WARN_QUOTED_INCLUDE_IN_FRAMEWORK_HEADER = YES;
				CLANG_WARN_RANGE_LOOP_ANALYSIS = YES;
				CLANG_WARN_STRICT_PROTOTYPES = YES;
				CLANG_WARN_SUSPICIOUS_MOVE = YES;
				CLANG_WARN_UNGUARDED_AVAILABILITY = YES_AGGRESSIVE;
				CLANG_WARN_UNREACHABLE_CODE = YES;
				CLANG_WARN__DUPLICATE_METHOD_MATCH = YES;
				COPY_PHASE_STRIP = NO;
				DEBUG_INFORMATION_FORMAT = dwarf;
				ENABLE_STRICT_OBJC_MSGSEND = YES;
				ENABLE_TESTABILITY = YES;
				GCC_C_LANGUAGE_STANDARD = gnu11;
				GCC_DYNAMIC_NO_PIC = NO;
				GCC_NO_COMMON_BLOCKS = YES;
				GCC_OPTIMIZATION_LEVEL = 0;
				GCC_PREPROCESSOR_DEFINITIONS = (
					"DEBUG=1",
					"$(inherited)",
				);
				GCC_WARN_64_TO_32_BIT_CONVERSION = YES;
				GCC_WARN_ABOUT_RETURN_TYPE = YES_ERROR;
				GCC_WARN_UNDECLARED_SELECTOR = YES;
				GCC_WARN_UNINITIALIZED_AUTOS = YES_AGGRESSIVE;
				GCC_WARN_UNUSED_FUNCTION = YES;
				GCC_WARN_UNUSED_VARIABLE = YES;
				IPHONEOS_DEPLOYMENT_TARGET = 15.4;
				MTL_ENABLE_DEBUG_INFO = INCLUDE_SOURCE;
				MTL_FAST_MATH = YES;
				ONLY_ACTIVE_ARCH = YES;
				SDKROOT = iphoneos;
				SWIFT_ACTIVE_COMPILATION_CONDITIONS = DEBUG;
				SWIFT_OPTIMIZATION_LEVEL = "-Onone";
			};
			name = Debug;
		};
		3849BC45280429D3001C2146 /* Release */ = {
			isa = XCBuildConfiguration;
			buildSettings = {
				ALWAYS_SEARCH_USER_PATHS = NO;
				CLANG_ANALYZER_NONNULL = YES;
				CLANG_ANALYZER_NUMBER_OBJECT_CONVERSION = YES_AGGRESSIVE;
				CLANG_CXX_LANGUAGE_STANDARD = "gnu++17";
				CLANG_ENABLE_MODULES = YES;
				CLANG_ENABLE_OBJC_ARC = YES;
				CLANG_ENABLE_OBJC_WEAK = YES;
				CLANG_WARN_BLOCK_CAPTURE_AUTORELEASING = YES;
				CLANG_WARN_BOOL_CONVERSION = YES;
				CLANG_WARN_COMMA = YES;
				CLANG_WARN_CONSTANT_CONVERSION = YES;
				CLANG_WARN_DEPRECATED_OBJC_IMPLEMENTATIONS = YES;
				CLANG_WARN_DIRECT_OBJC_ISA_USAGE = YES_ERROR;
				CLANG_WARN_DOCUMENTATION_COMMENTS = YES;
				CLANG_WARN_EMPTY_BODY = YES;
				CLANG_WARN_ENUM_CONVERSION = YES;
				CLANG_WARN_INFINITE_RECURSION = YES;
				CLANG_WARN_INT_CONVERSION = YES;
				CLANG_WARN_NON_LITERAL_NULL_CONVERSION = YES;
				CLANG_WARN_OBJC_IMPLICIT_RETAIN_SELF = YES;
				CLANG_WARN_OBJC_LITERAL_CONVERSION = YES;
				CLANG_WARN_OBJC_ROOT_CLASS = YES_ERROR;
				CLANG_WARN_QUOTED_INCLUDE_IN_FRAMEWORK_HEADER = YES;
				CLANG_WARN_RANGE_LOOP_ANALYSIS = YES;
				CLANG_WARN_STRICT_PROTOTYPES = YES;
				CLANG_WARN_SUSPICIOUS_MOVE = YES;
				CLANG_WARN_UNGUARDED_AVAILABILITY = YES_AGGRESSIVE;
				CLANG_WARN_UNREACHABLE_CODE = YES;
				CLANG_WARN__DUPLICATE_METHOD_MATCH = YES;
				COPY_PHASE_STRIP = NO;
				DEBUG_INFORMATION_FORMAT = "dwarf-with-dsym";
				ENABLE_NS_ASSERTIONS = NO;
				ENABLE_STRICT_OBJC_MSGSEND = YES;
				GCC_C_LANGUAGE_STANDARD = gnu11;
				GCC_NO_COMMON_BLOCKS = YES;
				GCC_WARN_64_TO_32_BIT_CONVERSION = YES;
				GCC_WARN_ABOUT_RETURN_TYPE = YES_ERROR;
				GCC_WARN_UNDECLARED_SELECTOR = YES;
				GCC_WARN_UNINITIALIZED_AUTOS = YES_AGGRESSIVE;
				GCC_WARN_UNUSED_FUNCTION = YES;
				GCC_WARN_UNUSED_VARIABLE = YES;
				IPHONEOS_DEPLOYMENT_TARGET = 15.4;
				MTL_ENABLE_DEBUG_INFO = NO;
				MTL_FAST_MATH = YES;
				SDKROOT = iphoneos;
				SWIFT_COMPILATION_MODE = wholemodule;
				SWIFT_OPTIMIZATION_LEVEL = "-O";
				VALIDATE_PRODUCT = YES;
			};
			name = Release;
		};
		3849BC47280429D3001C2146 /* Debug */ = {
			isa = XCBuildConfiguration;
			buildSettings = {
				ASSETCATALOG_COMPILER_APPICON_NAME = AppIcon;
				ASSETCATALOG_COMPILER_GLOBAL_ACCENT_COLOR_NAME = AccentColor;
				CODE_SIGN_STYLE = Automatic;
				CURRENT_PROJECT_VERSION = 1;
				DEVELOPMENT_ASSET_PATHS = "\"Authenticator/Preview Content\"";
				DEVELOPMENT_TEAM = U8K396794T;
				ENABLE_PREVIEWS = YES;
				GENERATE_INFOPLIST_FILE = YES;
				INFOPLIST_KEY_NSFaceIDUsageDescription = "Allow FaceID to log into the app";
				INFOPLIST_KEY_UIApplicationSceneManifest_Generation = YES;
				INFOPLIST_KEY_UIApplicationSupportsIndirectInputEvents = YES;
				INFOPLIST_KEY_UILaunchScreen_Generation = YES;
				INFOPLIST_KEY_UISupportedInterfaceOrientations_iPad = "UIInterfaceOrientationPortrait UIInterfaceOrientationPortraitUpsideDown UIInterfaceOrientationLandscapeLeft UIInterfaceOrientationLandscapeRight";
				INFOPLIST_KEY_UISupportedInterfaceOrientations_iPhone = "UIInterfaceOrientationPortrait UIInterfaceOrientationLandscapeLeft UIInterfaceOrientationLandscapeRight";
				LD_RUNPATH_SEARCH_PATHS = (
					"$(inherited)",
					"@executable_path/Frameworks",
				);
				MARKETING_VERSION = 1.0;
				PRODUCT_BUNDLE_IDENTIFIER = io.dyobi.Authenticator;
				PRODUCT_NAME = "$(TARGET_NAME)";
				SWIFT_EMIT_LOC_STRINGS = YES;
				SWIFT_VERSION = 5.0;
				TARGETED_DEVICE_FAMILY = "1,2";
			};
			name = Debug;
		};
		3849BC48280429D3001C2146 /* Release */ = {
			isa = XCBuildConfiguration;
			buildSettings = {
				ASSETCATALOG_COMPILER_APPICON_NAME = AppIcon;
				ASSETCATALOG_COMPILER_GLOBAL_ACCENT_COLOR_NAME = AccentColor;
				CODE_SIGN_STYLE = Automatic;
				CURRENT_PROJECT_VERSION = 1;
				DEVELOPMENT_ASSET_PATHS = "\"Authenticator/Preview Content\"";
				DEVELOPMENT_TEAM = U8K396794T;
				ENABLE_PREVIEWS = YES;
				GENERATE_INFOPLIST_FILE = YES;
				INFOPLIST_KEY_NSFaceIDUsageDescription = "Allow FaceID to log into the app";
				INFOPLIST_KEY_UIApplicationSceneManifest_Generation = YES;
				INFOPLIST_KEY_UIApplicationSupportsIndirectInputEvents = YES;
				INFOPLIST_KEY_UILaunchScreen_Generation = YES;
				INFOPLIST_KEY_UISupportedInterfaceOrientations_iPad = "UIInterfaceOrientationPortrait UIInterfaceOrientationPortraitUpsideDown UIInterfaceOrientationLandscapeLeft UIInterfaceOrientationLandscapeRight";
				INFOPLIST_KEY_UISupportedInterfaceOrientations_iPhone = "UIInterfaceOrientationPortrait UIInterfaceOrientationLandscapeLeft UIInterfaceOrientationLandscapeRight";
				LD_RUNPATH_SEARCH_PATHS = (
					"$(inherited)",
					"@executable_path/Frameworks",
				);
				MARKETING_VERSION = 1.0;
				PRODUCT_BUNDLE_IDENTIFIER = io.dyobi.Authenticator;
				PRODUCT_NAME = "$(TARGET_NAME)";
				SWIFT_EMIT_LOC_STRINGS = YES;
				SWIFT_VERSION = 5.0;
				TARGETED_DEVICE_FAMILY = "1,2";
			};
			name = Release;
		};
/* End XCBuildConfiguration section */

/* Begin XCConfigurationList section */
		3849BC33280429D1001C2146 /* Build configuration list for PBXProject "Authenticator" */ = {
			isa = XCConfigurationList;
			buildConfigurations = (
				3849BC44280429D3001C2146 /* Debug */,
				3849BC45280429D3001C2146 /* Release */,
			);
			defaultConfigurationIsVisible = 0;
			defaultConfigurationName = Release;
		};
		3849BC46280429D3001C2146 /* Build configuration list for PBXNativeTarget "Authenticator" */ = {
			isa = XCConfigurationList;
			buildConfigurations = (
				3849BC47280429D3001C2146 /* Debug */,
				3849BC48280429D3001C2146 /* Release */,
			);
			defaultConfigurationIsVisible = 0;
			defaultConfigurationName = Release;
		};
/* End XCConfigurationList section */
	};
	rootObject = 3849BC30280429D1001C2146 /* Project object */;
}
